
Microsoft Visual Studio Solution File, Format Version 12.00
Project("{FAE04EC0-301F-11D3-BF4B-00C04F79EFBC}") = "MyApplication.Api", "MyApplication.Api\MyApplication.Api.csproj", "{8C125514-A31C-441B-8480-1A6C81DAA6ED}"
EndProject
Project("{FAE04EC0-301F-11D3-BF4B-00C04F79EFBC}") = "MyApplication.Application", "MyApplication.Application\MyApplication.Application.csproj", "{3EBA0811-9EA7-49DD-9DDD-529EF730E66C}"
EndProject
Project("{FAE04EC0-301F-11D3-BF4B-00C04F79EFBC}") = "MyApplication.Infrastructure", "MyApplication.Infrastructure\MyApplication.Infrastructure.csproj", "{8658DAA6-1342-4560-BF3B-674C65434081}"
EndProject
Project("{FAE04EC0-301F-11D3-BF4B-00C04F79EFBC}") = "MyApplication.Domain", "MyApplication.Domain\MyApplication.Domain.csproj", "{3DD6EB78-5168-473A-8C2B-3247C5B6EF0A}"
EndProject
Global
	GlobalSection(SolutionConfigurationPlatforms) = preSolution
		Debug|Any CPU = Debug|Any CPU
		Debug|x64 = Debug|x64
		Debug|x86 = Debug|x86
		Release|Any CPU = Release|Any CPU
		Release|x64 = Release|x64
		Release|x86 = Release|x86
	EndGlobalSection
	GlobalSection(ProjectConfigurationPlatforms) = postSolution
		{8C125514-A31C-441B-8480-1A6C81DAA6ED}.Debug|Any CPU.ActiveCfg = Debug|Any CPU
		{8C125514-A31C-441B-8480-1A6C81DAA6ED}.Debug|Any CPU.Build.0 = Debug|Any CPU
		{8C125514-A31C-441B-8480-1A6C81DAA6ED}.Debug|x64.ActiveCfg = Debug|Any CPU
		{8C125514-A31C-441B-8480-1A6C81DAA6ED}.Debug|x64.Build.0 = Debug|Any CPU
		{8C125514-A31C-441B-8480-1A6C81DAA6ED}.Debug|x86.ActiveCfg = Debug|Any CPU
		{8C125514-A31C-441B-8480-1A6C81DAA6ED}.Debug|x86.Build.0 = Debug|Any CPU
		{8C125514-A31C-441B-8480-1A6C81DAA6ED}.Release|Any CPU.ActiveCfg = Release|Any CPU
		{8C125514-A31C-441B-8480-1A6C81DAA6ED}.Release|Any CPU.Build.0 = Release|Any CPU
		{8C125514-A31C-441B-8480-1A6C81DAA6ED}.Release|x64.ActiveCfg = Release|Any CPU
		{8C125514-A31C-441B-8480-1A6C81DAA6ED}.Release|x64.Build.0 = Release|Any CPU
		{8C125514-A31C-441B-8480-1A6C81DAA6ED}.Release|x86.ActiveCfg = Release|Any CPU
		{8C125514-A31C-441B-8480-1A6C81DAA6ED}.Release|x86.Build.0 = Release|Any CPU
		{3EBA0811-9EA7-49DD-9DDD-529EF730E66C}.Debug|Any CPU.ActiveCfg = Debug|Any CPU
		{3EBA0811-9EA7-49DD-9DDD-529EF730E66C}.Debug|Any CPU.Build.0 = Debug|Any CPU
		{3EBA0811-9EA7-49DD-9DDD-529EF730E66C}.Debug|x64.ActiveCfg = Debug|Any CPU
		{3EBA0811-9EA7-49DD-9DDD-529EF730E66C}.Debug|x64.Build.0 = Debug|Any CPU
		{3EBA0811-9EA7-49DD-9DDD-529EF730E66C}.Debug|x86.ActiveCfg = Debug|Any CPU
		{3EBA0811-9EA7-49DD-9DDD-529EF730E66C}.Debug|x86.Build.0 = Debug|Any CPU
		{3EBA0811-9EA7-49DD-9DDD-529EF730E66C}.Release|Any CPU.ActiveCfg = Release|Any CPU
		{3EBA0811-9EA7-49DD-9DDD-529EF730E66C}.Release|Any CPU.Build.0 = Release|Any CPU
		{3EBA0811-9EA7-49DD-9DDD-529EF730E66C}.Release|x64.ActiveCfg = Release|Any CPU
		{3EBA0811-9EA7-49DD-9DDD-529EF730E66C}.Release|x64.Build.0 = Release|Any CPU
		{3EBA0811-9EA7-49DD-9DDD-529EF730E66C}.Release|x86.ActiveCfg = Release|Any CPU
		{3EBA0811-9EA7-49DD-9DDD-529EF730E66C}.Release|x86.Build.0 = Release|Any CPU
		{8658DAA6-1342-4560-BF3B-674C65434081}.Debug|Any CPU.ActiveCfg = Debug|Any CPU
		{8658DAA6-1342-4560-BF3B-674C65434081}.Debug|Any CPU.Build.0 = Debug|Any CPU
		{8658DAA6-1342-4560-BF3B-674C65434081}.Debug|x64.ActiveCfg = Debug|Any CPU
		{8658DAA6-1342-4560-BF3B-674C65434081}.Debug|x64.Build.0 = Debug|Any CPU
		{8658DAA6-1342-4560-BF3B-674C65434081}.Debug|x86.ActiveCfg = Debug|Any CPU
		{8658DAA6-1342-4560-BF3B-674C65434081}.Debug|x86.Build.0 = Debug|Any CPU
		{8658DAA6-1342-4560-BF3B-674C65434081}.Release|Any CPU.ActiveCfg = Release|Any CPU
		{8658DAA6-1342-4560-BF3B-674C65434081}.Release|Any CPU.Build.0 = Release|Any CPU
		{8658DAA6-1342-4560-BF3B-674C65434081}.Release|x64.ActiveCfg = Release|Any CPU
		{8658DAA6-1342-4560-BF3B-674C65434081}.Release|x64.Build.0 = Release|Any CPU
		{8658DAA6-1342-4560-BF3B-674C65434081}.Release|x86.ActiveCfg = Release|Any CPU
		{8658DAA6-1342-4560-BF3B-674C65434081}.Release|x86.Build.0 = Release|Any CPU
		{3DD6EB78-5168-473A-8C2B-3247C5B6EF0A}.Debug|Any CPU.ActiveCfg = Debug|Any CPU
		{3DD6EB78-5168-473A-8C2B-3247C5B6EF0A}.Debug|Any CPU.Build.0 = Debug|Any CPU
		{3DD6EB78-5168-473A-8C2B-3247C5B6EF0A}.Debug|x64.ActiveCfg = Debug|Any CPU
		{3DD6EB78-5168-473A-8C2B-3247C5B6EF0A}.Debug|x64.Build.0 = Debug|Any CPU
		{3DD6EB78-5168-473A-8C2B-3247C5B6EF0A}.Debug|x86.ActiveCfg = Debug|Any CPU
		{3DD6EB78-5168-473A-8C2B-3247C5B6EF0A}.Debug|x86.Build.0 = Debug|Any CPU
		{3DD6EB78-5168-473A-8C2B-3247C5B6EF0A}.Release|Any CPU.ActiveCfg = Release|Any CPU
		{3DD6EB78-5168-473A-8C2B-3247C5B6EF0A}.Release|Any CPU.Build.0 = Release|Any CPU
		{3DD6EB78-5168-473A-8C2B-3247C5B6EF0A}.Release|x64.ActiveCfg = Release|Any CPU
		{3DD6EB78-5168-473A-8C2B-3247C5B6EF0A}.Release|x64.Build.0 = Release|Any CPU
		{3DD6EB78-5168-473A-8C2B-3247C5B6EF0A}.Release|x86.ActiveCfg = Release|Any CPU
		{3DD6EB78-5168-473A-8C2B-3247C5B6EF0A}.Release|x86.Build.0 = Release|Any CPU
	EndGlobalSection
	GlobalSection(SolutionProperties) = preSolution
		HideSolutionNode = FALSE
	EndGlobalSection
EndGlobal
